
Microsoft Visual Studio Solution File, Format Version 12.00
# Visual Studio 15
VisualStudioVersion = 15.0.28307.572
MinimumVisualStudioVersion = 10.0.40219.1
Project("{888888A0-9F3D-457C-B088-3A5042F75D52}") = "UpdatedCalc", "UpdatedCalc\UpdatedCalc.pyproj", "{FA414065-2434-4E52-AF2A-43C96D2D7C02}"
EndProject
Global
	GlobalSection(SolutionConfigurationPlatforms) = preSolution
		Debug|Any CPU = Debug|Any CPU
		Release|Any CPU = Release|Any CPU
	EndGlobalSection
	GlobalSection(ProjectConfigurationPlatforms) = postSolution
		{FA414065-2434-4E52-AF2A-43C96D2D7C02}.Debug|Any CPU.ActiveCfg = Debug|Any CPU
		{FA414065-2434-4E52-AF2A-43C96D2D7C02}.Release|Any CPU.ActiveCfg = Release|Any CPU
	EndGlobalSection
	GlobalSection(SolutionProperties) = preSolution
		HideSolutionNode = FALSE
	EndGlobalSection
	GlobalSection(ExtensibilityGlobals) = postSolution
		SolutionGuid = {48A204F8-C4BD-455D-917C-4EA77955B178}
	EndGlobalSection
EndGlobal
